// !$*UTF8*$!
{
	archiveVersion = 1;
	classes = {
	};
	objectVersion = 54;
	objects = {

/* Begin PBXBuildFile section */
		07A4D81D0EF620C59C8F11DD /* BardApp.swift in Sources */ = {isa = PBXBuildFile; fileRef = 6958AEDDD6B348B28CBBD293 /* BardApp.swift */; };
		084992334180B6D8C1F5535F /* JobViewModel.swift in Sources */ = {isa = PBXBuildFile; fileRef = 4157FD76F6B27AA078CB81EB /* JobViewModel.swift */; };
		0C1F5C6E44B290EEB94BD939 /* ExtractionProgressView.swift in Sources */ = {isa = PBXBuildFile; fileRef = BBAE1BF82BE459E02328235B /* ExtractionProgressView.swift */; };
		13FB624D397A82C5C884CE83 /* ContentView.swift in Sources */ = {isa = PBXBuildFile; fileRef = AE12C652432416582683F940 /* ContentView.swift */; };
		21E073994A0DDDBBF9AD89CD /* DropZoneView.swift in Sources */ = {isa = PBXBuildFile; fileRef = B0C1B5F9999C83E59D9E4476 /* DropZoneView.swift */; };
		28C16446BFF3329C96B18DAB /* SettingsViewModel.swift in Sources */ = {isa = PBXBuildFile; fileRef = 8E394A678E3817FDD00D12BB /* SettingsViewModel.swift */; };
		292AEF8345D392335CC7563E /* JobFileManager.swift in Sources */ = {isa = PBXBuildFile; fileRef = 574F3F62BE9461385488306E /* JobFileManager.swift */; };
		2B3EC00664D84E3F23E9DE46 /* Assets.xcassets in Resources */ = {isa = PBXBuildFile; fileRef = 5F48ABC91C6889F0D8759F75 /* Assets.xcassets */; };
		3D0C9DB54B95509E79C7A2B7 /* SynthesisProgressView.swift in Sources */ = {isa = PBXBuildFile; fileRef = 54D353499606ECE970942EB4 /* SynthesisProgressView.swift */; };
		3E1A0BEEB351B7CC88561A2A /* KeychainStore.swift in Sources */ = {isa = PBXBuildFile; fileRef = E2064F9AD97CBB1D98A24784 /* KeychainStore.swift */; };
		49DF308226DACBDA68CE71E2 /* JobState.swift in Sources */ = {isa = PBXBuildFile; fileRef = D74EA08EA0BF5F7D2443497C /* JobState.swift */; };
		4EFE37532D2D15BCEE802C6C /* ocrschema.json in Resources */ = {isa = PBXBuildFile; fileRef = 3587BC67D702B7EB3E69F5D0 /* ocrschema.json */; };
		50F2141FFA4B63B3F75E0220 /* DoneView.swift in Sources */ = {isa = PBXBuildFile; fileRef = 20BB122E1FC6F3B7D893AB28 /* DoneView.swift */; };
		510665161C623822112F3FBB /* PDFSplitter.swift in Sources */ = {isa = PBXBuildFile; fileRef = 7F0BFD9DD8785388E9AC632C /* PDFSplitter.swift */; };
		96B1388F2A15D4D583C56A4F /* JobDetailView.swift in Sources */ = {isa = PBXBuildFile; fileRef = F2FB017C7BB12F4D0BB63C6B /* JobDetailView.swift */; };
		AB7177EA32BDDC937E375F22 /* Job.swift in Sources */ = {isa = PBXBuildFile; fileRef = 0B1BBD86C264CD50BE695ADC /* Job.swift */; };
		B0733D9D72B86B12FD2F28AB /* MistralOCRService.swift in Sources */ = {isa = PBXBuildFile; fileRef = 847A117FF5109AE1A5447CBD /* MistralOCRService.swift */; };
		CD64B5C1EBD9421A37418ABB /* Epub2TTSRunner.swift in Sources */ = {isa = PBXBuildFile; fileRef = D85BDF6466B08E15EC380CAA /* Epub2TTSRunner.swift */; };
		CE33E2553C1EC57CA8AEA849 /* SettingsView.swift in Sources */ = {isa = PBXBuildFile; fileRef = 0B9DA7F9D0ADCA1BDB22F05A /* SettingsView.swift */; };
		CE9F4DE0435EA69ABCEE81BD /* ReviewView.swift in Sources */ = {isa = PBXBuildFile; fileRef = 02800764DC23B484E65BE5D8 /* ReviewView.swift */; };
		D66D7652F643A06A30CBC88D /* LogView.swift in Sources */ = {isa = PBXBuildFile; fileRef = B1E6853063AD3DB1A6BC5D92 /* LogView.swift */; };
		DB3B9620D1B998D95B4D73BB /* AppSettings.swift in Sources */ = {isa = PBXBuildFile; fileRef = B8F0203568F0CCF35944D66B /* AppSettings.swift */; };
/* End PBXBuildFile section */

/* Begin PBXFileReference section */
		02800764DC23B484E65BE5D8 /* ReviewView.swift */ = {isa = PBXFileReference; lastKnownFileType = sourcecode.swift; path = ReviewView.swift; sourceTree = "<group>"; };
		0B1BBD86C264CD50BE695ADC /* Job.swift */ = {isa = PBXFileReference; lastKnownFileType = sourcecode.swift; path = Job.swift; sourceTree = "<group>"; };
		0B9DA7F9D0ADCA1BDB22F05A /* SettingsView.swift */ = {isa = PBXFileReference; lastKnownFileType = sourcecode.swift; path = SettingsView.swift; sourceTree = "<group>"; };
		20BB122E1FC6F3B7D893AB28 /* DoneView.swift */ = {isa = PBXFileReference; lastKnownFileType = sourcecode.swift; path = DoneView.swift; sourceTree = "<group>"; };
		3587BC67D702B7EB3E69F5D0 /* ocrschema.json */ = {isa = PBXFileReference; lastKnownFileType = text.json; path = ocrschema.json; sourceTree = "<group>"; };
		4157FD76F6B27AA078CB81EB /* JobViewModel.swift */ = {isa = PBXFileReference; lastKnownFileType = sourcecode.swift; path = JobViewModel.swift; sourceTree = "<group>"; };
		54D353499606ECE970942EB4 /* SynthesisProgressView.swift */ = {isa = PBXFileReference; lastKnownFileType = sourcecode.swift; path = SynthesisProgressView.swift; sourceTree = "<group>"; };
		574F3F62BE9461385488306E /* JobFileManager.swift */ = {isa = PBXFileReference; lastKnownFileType = sourcecode.swift; path = JobFileManager.swift; sourceTree = "<group>"; };
		5F48ABC91C6889F0D8759F75 /* Assets.xcassets */ = {isa = PBXFileReference; lastKnownFileType = folder.assetcatalog; path = Assets.xcassets; sourceTree = "<group>"; };
		6958AEDDD6B348B28CBBD293 /* BardApp.swift */ = {isa = PBXFileReference; lastKnownFileType = sourcecode.swift; path = BardApp.swift; sourceTree = "<group>"; };
		7F0BFD9DD8785388E9AC632C /* PDFSplitter.swift */ = {isa = PBXFileReference; lastKnownFileType = sourcecode.swift; path = PDFSplitter.swift; sourceTree = "<group>"; };
		847A117FF5109AE1A5447CBD /* MistralOCRService.swift */ = {isa = PBXFileReference; lastKnownFileType = sourcecode.swift; path = MistralOCRService.swift; sourceTree = "<group>"; };
		8E394A678E3817FDD00D12BB /* SettingsViewModel.swift */ = {isa = PBXFileReference; lastKnownFileType = sourcecode.swift; path = SettingsViewModel.swift; sourceTree = "<group>"; };
		AE12C652432416582683F940 /* ContentView.swift */ = {isa = PBXFileReference; lastKnownFileType = sourcecode.swift; path = ContentView.swift; sourceTree = "<group>"; };
		B0C1B5F9999C83E59D9E4476 /* DropZoneView.swift */ = {isa = PBXFileReference; lastKnownFileType = sourcecode.swift; path = DropZoneView.swift; sourceTree = "<group>"; };
		B1E6853063AD3DB1A6BC5D92 /* LogView.swift */ = {isa = PBXFileReference; lastKnownFileType = sourcecode.swift; path = LogView.swift; sourceTree = "<group>"; };
		B8F0203568F0CCF35944D66B /* AppSettings.swift */ = {isa = PBXFileReference; lastKnownFileType = sourcecode.swift; path = AppSettings.swift; sourceTree = "<group>"; };
		BBAE1BF82BE459E02328235B /* ExtractionProgressView.swift */ = {isa = PBXFileReference; lastKnownFileType = sourcecode.swift; path = ExtractionProgressView.swift; sourceTree = "<group>"; };
		D1BA498DEBBF21429435E7EF /* Bard.app */ = {isa = PBXFileReference; explicitFileType = wrapper.application; includeInIndex = 0; path = Bard.app; sourceTree = BUILT_PRODUCTS_DIR; };
		D74EA08EA0BF5F7D2443497C /* JobState.swift */ = {isa = PBXFileReference; lastKnownFileType = sourcecode.swift; path = JobState.swift; sourceTree = "<group>"; };
		D85BDF6466B08E15EC380CAA /* Epub2TTSRunner.swift */ = {isa = PBXFileReference; lastKnownFileType = sourcecode.swift; path = Epub2TTSRunner.swift; sourceTree = "<group>"; };
		E2064F9AD97CBB1D98A24784 /* KeychainStore.swift */ = {isa = PBXFileReference; lastKnownFileType = sourcecode.swift; path = KeychainStore.swift; sourceTree = "<group>"; };
		F2FB017C7BB12F4D0BB63C6B /* JobDetailView.swift */ = {isa = PBXFileReference; lastKnownFileType = sourcecode.swift; path = JobDetailView.swift; sourceTree = "<group>"; };
/* End PBXFileReference section */

/* Begin PBXGroup section */
		2BB51E62ED4692FD3D06CDB2 = {
			isa = PBXGroup;
			children = (
				6CAE12F3848181E23F958025 /* Bard */,
				401E6A4CDB64F4F743CA275B /* Products */,
			);
			sourceTree = "<group>";
		};
		31393C7B521842AFC2530387 /* Resources */ = {
			isa = PBXGroup;
			children = (
				5F48ABC91C6889F0D8759F75 /* Assets.xcassets */,
				3587BC67D702B7EB3E69F5D0 /* ocrschema.json */,
			);
			path = Resources;
			sourceTree = "<group>";
		};
		401E6A4CDB64F4F743CA275B /* Products */ = {
			isa = PBXGroup;
			children = (
				D1BA498DEBBF21429435E7EF /* Bard.app */,
			);
			name = Products;
			sourceTree = "<group>";
		};
		5F0152547D589982B21BE716 /* Models */ = {
			isa = PBXGroup;
			children = (
				B8F0203568F0CCF35944D66B /* AppSettings.swift */,
				0B1BBD86C264CD50BE695ADC /* Job.swift */,
				D74EA08EA0BF5F7D2443497C /* JobState.swift */,
			);
			path = Models;
			sourceTree = "<group>";
		};
		6CAE12F3848181E23F958025 /* Bard */ = {
			isa = PBXGroup;
			children = (
				31393C7B521842AFC2530387 /* Resources */,
				F0028522F87C310AC620AFC9 /* Sources */,
			);
			path = Bard;
			sourceTree = "<group>";
		};
		78AF7D56783115588D97EA61 /* Services */ = {
			isa = PBXGroup;
			children = (
				D85BDF6466B08E15EC380CAA /* Epub2TTSRunner.swift */,
				574F3F62BE9461385488306E /* JobFileManager.swift */,
				E2064F9AD97CBB1D98A24784 /* KeychainStore.swift */,
				847A117FF5109AE1A5447CBD /* MistralOCRService.swift */,
				7F0BFD9DD8785388E9AC632C /* PDFSplitter.swift */,
			);
			path = Services;
			sourceTree = "<group>";
		};
		CAFDD0A28904FF5FE1CC4FDE /* Views */ = {
			isa = PBXGroup;
			children = (
				AE12C652432416582683F940 /* ContentView.swift */,
				20BB122E1FC6F3B7D893AB28 /* DoneView.swift */,
				B0C1B5F9999C83E59D9E4476 /* DropZoneView.swift */,
				BBAE1BF82BE459E02328235B /* ExtractionProgressView.swift */,
				F2FB017C7BB12F4D0BB63C6B /* JobDetailView.swift */,
				B1E6853063AD3DB1A6BC5D92 /* LogView.swift */,
				02800764DC23B484E65BE5D8 /* ReviewView.swift */,
				0B9DA7F9D0ADCA1BDB22F05A /* SettingsView.swift */,
				54D353499606ECE970942EB4 /* SynthesisProgressView.swift */,
			);
			path = Views;
			sourceTree = "<group>";
		};
		E0843A092971DE88D4AEDFD7 /* ViewModels */ = {
			isa = PBXGroup;
			children = (
				4157FD76F6B27AA078CB81EB /* JobViewModel.swift */,
				8E394A678E3817FDD00D12BB /* SettingsViewModel.swift */,
			);
			path = ViewModels;
			sourceTree = "<group>";
		};
		F0028522F87C310AC620AFC9 /* Sources */ = {
			isa = PBXGroup;
			children = (
				6958AEDDD6B348B28CBBD293 /* BardApp.swift */,
				5F0152547D589982B21BE716 /* Models */,
				78AF7D56783115588D97EA61 /* Services */,
				E0843A092971DE88D4AEDFD7 /* ViewModels */,
				CAFDD0A28904FF5FE1CC4FDE /* Views */,
			);
			path = Sources;
			sourceTree = "<group>";
		};
/* End PBXGroup section */

/* Begin PBXNativeTarget section */
		100C59BFC59ACB4703BF1059 /* Bard */ = {
			isa = PBXNativeTarget;
			buildConfigurationList = 0DE246E5A6499C9FDC8DC8C5 /* Build configuration list for PBXNativeTarget "Bard" */;
			buildPhases = (
				52DA9DC457783CA43435B3B0 /* Sources */,
				03C260E72FD8C5F8A3850C4F /* Resources */,
			);
			buildRules = (
			);
			dependencies = (
			);
			name = Bard;
			packageProductDependencies = (
			);
			productName = Bard;
			productReference = D1BA498DEBBF21429435E7EF /* Bard.app */;
			productType = "com.apple.product-type.application";
		};
/* End PBXNativeTarget section */

/* Begin PBXProject section */
		017390BC780A55ED325516F4 /* Project object */ = {
			isa = PBXProject;
			attributes = {
				BuildIndependentTargetsInParallel = YES;
				LastUpgradeCheck = 1430;
				TargetAttributes = {
					100C59BFC59ACB4703BF1059 = {
						ProvisioningStyle = Automatic;
					};
				};
			};
			buildConfigurationList = A1B4D01BD38EF7B813E7250C /* Build configuration list for PBXProject "Bard" */;
			compatibilityVersion = "Xcode 14.0";
			developmentRegion = en;
			hasScannedForEncodings = 0;
			knownRegions = (
				Base,
				en,
			);
			mainGroup = 2BB51E62ED4692FD3D06CDB2;
			minimizedProjectReferenceProxies = 1;
			preferredProjectObjectVersion = 54;
			projectDirPath = "";
			projectRoot = "";
			targets = (
				100C59BFC59ACB4703BF1059 /* Bard */,
			);
		};
/* End PBXProject section */

/* Begin PBXResourcesBuildPhase section */
		03C260E72FD8C5F8A3850C4F /* Resources */ = {
			isa = PBXResourcesBuildPhase;
			buildActionMask = 2147483647;
			files = (
				2B3EC00664D84E3F23E9DE46 /* Assets.xcassets in Resources */,
				4EFE37532D2D15BCEE802C6C /* ocrschema.json in Resources */,
			);
			runOnlyForDeploymentPostprocessing = 0;
		};
/* End PBXResourcesBuildPhase section */

/* Begin PBXSourcesBuildPhase section */
		52DA9DC457783CA43435B3B0 /* Sources */ = {
			isa = PBXSourcesBuildPhase;
			buildActionMask = 2147483647;
			files = (
				DB3B9620D1B998D95B4D73BB /* AppSettings.swift in Sources */,
				07A4D81D0EF620C59C8F11DD /* BardApp.swift in Sources */,
				13FB624D397A82C5C884CE83 /* ContentView.swift in Sources */,
				50F2141FFA4B63B3F75E0220 /* DoneView.swift in Sources */,
				21E073994A0DDDBBF9AD89CD /* DropZoneView.swift in Sources */,
				CD64B5C1EBD9421A37418ABB /* Epub2TTSRunner.swift in Sources */,
				0C1F5C6E44B290EEB94BD939 /* ExtractionProgressView.swift in Sources */,
				AB7177EA32BDDC937E375F22 /* Job.swift in Sources */,
				96B1388F2A15D4D583C56A4F /* JobDetailView.swift in Sources */,
				292AEF8345D392335CC7563E /* JobFileManager.swift in Sources */,
				49DF308226DACBDA68CE71E2 /* JobState.swift in Sources */,
				084992334180B6D8C1F5535F /* JobViewModel.swift in Sources */,
				3E1A0BEEB351B7CC88561A2A /* KeychainStore.swift in Sources */,
				D66D7652F643A06A30CBC88D /* LogView.swift in Sources */,
				B0733D9D72B86B12FD2F28AB /* MistralOCRService.swift in Sources */,
				510665161C623822112F3FBB /* PDFSplitter.swift in Sources */,
				CE9F4DE0435EA69ABCEE81BD /* ReviewView.swift in Sources */,
				CE33E2553C1EC57CA8AEA849 /* SettingsView.swift in Sources */,
				28C16446BFF3329C96B18DAB /* SettingsViewModel.swift in Sources */,
				3D0C9DB54B95509E79C7A2B7 /* SynthesisProgressView.swift in Sources */,
			);
			runOnlyForDeploymentPostprocessing = 0;
		};
/* End PBXSourcesBuildPhase section */

/* Begin XCBuildConfiguration section */
		171356BE267A780785CD4CC1 /* Debug */ = {
			isa = XCBuildConfiguration;
			buildSettings = {
				ASSETCATALOG_COMPILER_APPICON_NAME = AppIcon;
				ASSETCATALOG_COMPILER_GLOBAL_ACCENT_COLOR_NAME = AccentColor;
				COMBINE_HIDPI_IMAGES = YES;
				CURRENT_PROJECT_VERSION = 1;
				ENABLE_PREVIEWS = YES;
				INFOPLIST_FILE = "Bard/Generated-Info.plist";
				LD_RUNPATH_SEARCH_PATHS = (
					"$(inherited)",
					"@executable_path/../Frameworks",
				);
				MARKETING_VERSION = 1.0;
				PRODUCT_BUNDLE_IDENTIFIER = com.bard.Bard;
				SDKROOT = macosx;
			};
			name = Debug;
		};
		1CF9B75D0FF305096E60E8D7 /* Release */ = {
			isa = XCBuildConfiguration;
			buildSettings = {
				ALWAYS_SEARCH_USER_PATHS = NO;
				CLANG_ANALYZER_NONNULL = YES;
				CLANG_ANALYZER_NUMBER_OBJECT_CONVERSION = YES_AGGRESSIVE;
				CLANG_CXX_LANGUAGE_STANDARD = "gnu++14";
				CLANG_CXX_LIBRARY = "libc++";
				CLANG_ENABLE_MODULES = YES;
				CLANG_ENABLE_OBJC_ARC = YES;
				CLANG_ENABLE_OBJC_WEAK = YES;
				CLANG_WARN_BLOCK_CAPTURE_AUTORELEASING = YES;
				CLANG_WARN_BOOL_CONVERSION = YES;
				CLANG_WARN_COMMA = YES;
				CLANG_WARN_CONSTANT_CONVERSION = YES;
				CLANG_WARN_DEPRECATED_OBJC_IMPLEMENTATIONS = YES;
				CLANG_WARN_DIRECT_OBJC_ISA_USAGE = YES_ERROR;
				CLANG_WARN_DOCUMENTATION_COMMENTS = YES;
				CLANG_WARN_EMPTY_BODY = YES;
				CLANG_WARN_ENUM_CONVERSION = YES;
				CLANG_WARN_INFINITE_RECURSION = YES;
				CLANG_WARN_INT_CONVERSION = YES;
				CLANG_WARN_NON_LITERAL_NULL_CONVERSION = YES;
				CLANG_WARN_OBJC_IMPLICIT_RETAIN_SELF = YES;
				CLANG_WARN_OBJC_LITERAL_CONVERSION = YES;
				CLANG_WARN_OBJC_ROOT_CLASS = YES_ERROR;
				CLANG_WARN_QUOTED_INCLUDE_IN_FRAMEWORK_HEADER = YES;
				CLANG_WARN_RANGE_LOOP_ANALYSIS = YES;
				CLANG_WARN_STRICT_PROTOTYPES = YES;
				CLANG_WARN_SUSPICIOUS_MOVE = YES;
				CLANG_WARN_UNGUARDED_AVAILABILITY = YES_AGGRESSIVE;
				CLANG_WARN_UNREACHABLE_CODE = YES;
				CLANG_WARN__DUPLICATE_METHOD_MATCH = YES;
				CODE_SIGN_STYLE = Automatic;
				COPY_PHASE_STRIP = NO;
				DEBUG_INFORMATION_FORMAT = "dwarf-with-dsym";
				ENABLE_HARDENED_RUNTIME = NO;
				ENABLE_NS_ASSERTIONS = NO;
				ENABLE_STRICT_OBJC_MSGSEND = YES;
				GCC_C_LANGUAGE_STANDARD = gnu11;
				GCC_NO_COMMON_BLOCKS = YES;
				GCC_WARN_64_TO_32_BIT_CONVERSION = YES;
				GCC_WARN_ABOUT_RETURN_TYPE = YES_ERROR;
				GCC_WARN_UNDECLARED_SELECTOR = YES;
				GCC_WARN_UNINITIALIZED_AUTOS = YES_AGGRESSIVE;
				GCC_WARN_UNUSED_FUNCTION = YES;
				GCC_WARN_UNUSED_VARIABLE = YES;
				GENERATE_INFOPLIST_FILE = YES;
				MACOSX_DEPLOYMENT_TARGET = 14.0;
				MTL_ENABLE_DEBUG_INFO = NO;
				MTL_FAST_MATH = YES;
				PRODUCT_NAME = "$(TARGET_NAME)";
				SDKROOT = macosx;
				SWIFT_COMPILATION_MODE = wholemodule;
				SWIFT_OPTIMIZATION_LEVEL = "-O";
				SWIFT_VERSION = 6.0;
			};
			name = Release;
		};
		2BA28D96529828F88480A051 /* Debug */ = {
			isa = XCBuildConfiguration;
			buildSettings = {
				ALWAYS_SEARCH_USER_PATHS = NO;
				CLANG_ANALYZER_NONNULL = YES;
				CLANG_ANALYZER_NUMBER_OBJECT_CONVERSION = YES_AGGRESSIVE;
				CLANG_CXX_LANGUAGE_STANDARD = "gnu++14";
				CLANG_CXX_LIBRARY = "libc++";
				CLANG_ENABLE_MODULES = YES;
				CLANG_ENABLE_OBJC_ARC = YES;
				CLANG_ENABLE_OBJC_WEAK = YES;
				CLANG_WARN_BLOCK_CAPTURE_AUTORELEASING = YES;
				CLANG_WARN_BOOL_CONVERSION = YES;
				CLANG_WARN_COMMA = YES;
				CLANG_WARN_CONSTANT_CONVERSION = YES;
				CLANG_WARN_DEPRECATED_OBJC_IMPLEMENTATIONS = YES;
				CLANG_WARN_DIRECT_OBJC_ISA_USAGE = YES_ERROR;
				CLANG_WARN_DOCUMENTATION_COMMENTS = YES;
				CLANG_WARN_EMPTY_BODY = YES;
				CLANG_WARN_ENUM_CONVERSION = YES;
				CLANG_WARN_INFINITE_RECURSION = YES;
				CLANG_WARN_INT_CONVERSION = YES;
				CLANG_WARN_NON_LITERAL_NULL_CONVERSION = YES;
				CLANG_WARN_OBJC_IMPLICIT_RETAIN_SELF = YES;
				CLANG_WARN_OBJC_LITERAL_CONVERSION = YES;
				CLANG_WARN_OBJC_ROOT_CLASS = YES_ERROR;
				CLANG_WARN_QUOTED_INCLUDE_IN_FRAMEWORK_HEADER = YES;
				CLANG_WARN_RANGE_LOOP_ANALYSIS = YES;
				CLANG_WARN_STRICT_PROTOTYPES = YES;
				CLANG_WARN_SUSPICIOUS_MOVE = YES;
				CLANG_WARN_UNGUARDED_AVAILABILITY = YES_AGGRESSIVE;
				CLANG_WARN_UNREACHABLE_CODE = YES;
				CLANG_WARN__DUPLICATE_METHOD_MATCH = YES;
				CODE_SIGN_STYLE = Automatic;
				COPY_PHASE_STRIP = NO;
				DEBUG_INFORMATION_FORMAT = dwarf;
				ENABLE_HARDENED_RUNTIME = NO;
				ENABLE_STRICT_OBJC_MSGSEND = YES;
				ENABLE_TESTABILITY = YES;
				GCC_C_LANGUAGE_STANDARD = gnu11;
				GCC_DYNAMIC_NO_PIC = NO;
				GCC_NO_COMMON_BLOCKS = YES;
				GCC_OPTIMIZATION_LEVEL = 0;
				GCC_PREPROCESSOR_DEFINITIONS = (
					"$(inherited)",
					"DEBUG=1",
				);
				GCC_WARN_64_TO_32_BIT_CONVERSION = YES;
				GCC_WARN_ABOUT_RETURN_TYPE = YES_ERROR;
				GCC_WARN_UNDECLARED_SELECTOR = YES;
				GCC_WARN_UNINITIALIZED_AUTOS = YES_AGGRESSIVE;
				GCC_WARN_UNUSED_FUNCTION = YES;
				GCC_WARN_UNUSED_VARIABLE = YES;
				GENERATE_INFOPLIST_FILE = YES;
				MACOSX_DEPLOYMENT_TARGET = 14.0;
				MTL_ENABLE_DEBUG_INFO = INCLUDE_SOURCE;
				MTL_FAST_MATH = YES;
				ONLY_ACTIVE_ARCH = YES;
				PRODUCT_NAME = "$(TARGET_NAME)";
				SDKROOT = macosx;
				SWIFT_ACTIVE_COMPILATION_CONDITIONS = DEBUG;
				SWIFT_OPTIMIZATION_LEVEL = "-Onone";
				SWIFT_VERSION = 6.0;
			};
			name = Debug;
		};
		AC13E73FEFF77539B3256EE4 /* Release */ = {
			isa = XCBuildConfiguration;
			buildSettings = {
				ASSETCATALOG_COMPILER_APPICON_NAME = AppIcon;
				ASSETCATALOG_COMPILER_GLOBAL_ACCENT_COLOR_NAME = AccentColor;
				COMBINE_HIDPI_IMAGES = YES;
				CURRENT_PROJECT_VERSION = 1;
				ENABLE_PREVIEWS = YES;
				INFOPLIST_FILE = "Bard/Generated-Info.plist";
				LD_RUNPATH_SEARCH_PATHS = (
					"$(inherited)",
					"@executable_path/../Frameworks",
				);
				MARKETING_VERSION = 1.0;
				PRODUCT_BUNDLE_IDENTIFIER = com.bard.Bard;
				SDKROOT = macosx;
			};
			name = Release;
		};
/* End XCBuildConfiguration section */

/* Begin XCConfigurationList section */
		0DE246E5A6499C9FDC8DC8C5 /* Build configuration list for PBXNativeTarget "Bard" */ = {
			isa = XCConfigurationList;
			buildConfigurations = (
				171356BE267A780785CD4CC1 /* Debug */,
				AC13E73FEFF77539B3256EE4 /* Release */,
			);
			defaultConfigurationIsVisible = 0;
			defaultConfigurationName = Debug;
		};
		A1B4D01BD38EF7B813E7250C /* Build configuration list for PBXProject "Bard" */ = {
			isa = XCConfigurationList;
			buildConfigurations = (
				2BA28D96529828F88480A051 /* Debug */,
				1CF9B75D0FF305096E60E8D7 /* Release */,
			);
			defaultConfigurationIsVisible = 0;
			defaultConfigurationName = Debug;
		};
/* End XCConfigurationList section */
	};
	rootObject = 017390BC780A55ED325516F4 /* Project object */;
}
